
Microsoft Visual Studio Solution File, Format Version 12.00
# Visual Studio Version 17
VisualStudioVersion = 17.7.34031.279
MinimumVisualStudioVersion = 10.0.40219.1
Project("{FAE04EC0-301F-11D3-BF4B-00C04F79EFBC}") = "E94106012_practice_4_2", "E94106012_practice_4_2\E94106012_practice_4_2.csproj", "{8709F8C0-3192-4226-BA5C-E4088A565A34}"
EndProject
Global
	GlobalSection(SolutionConfigurationPlatforms) = preSolution
		Debug|Any CPU = Debug|Any CPU
		Release|Any CPU = Release|Any CPU
	EndGlobalSection
	GlobalSection(ProjectConfigurationPlatforms) = postSolution
		{8709F8C0-3192-4226-BA5C-E4088A565A34}.Debug|Any CPU.ActiveCfg = Debug|Any CPU
		{8709F8C0-3192-4226-BA5C-E4088A565A34}.Debug|Any CPU.Build.0 = Debug|Any CPU
		{8709F8C0-3192-4226-BA5C-E4088A565A34}.Release|Any CPU.ActiveCfg = Release|Any CPU
		{8709F8C0-3192-4226-BA5C-E4088A565A34}.Release|Any CPU.Build.0 = Release|Any CPU
	EndGlobalSection
	GlobalSection(SolutionProperties) = preSolution
		HideSolutionNode = FALSE
	EndGlobalSection
	GlobalSection(ExtensibilityGlobals) = postSolution
		SolutionGuid = {7B694C67-098E-47DC-811F-26A70A5858E8}
	EndGlobalSection
EndGlobal
